// !$*UTF8*$!
{
	archiveVersion = 1;
	classes = {
	};
	objectVersion = 48;
	objects = {

/* Begin PBXBuildFile section */
		54A7C9E6C9CE4912F42E806E /* Pods_Places2.framework in Frameworks */ = {isa = PBXBuildFile; fileRef = F2AB9013F7B24465D2E9496D /* Pods_Places2.framework */; };
		A0104758205F0684000B7A21 /* AppDelegate.swift in Sources */ = {isa = PBXBuildFile; fileRef = A0104757205F0684000B7A21 /* AppDelegate.swift */; };
		A010475A205F0684000B7A21 /* ViewController.swift in Sources */ = {isa = PBXBuildFile; fileRef = A0104759205F0684000B7A21 /* ViewController.swift */; };
		A010475D205F0684000B7A21 /* Main.storyboard in Resources */ = {isa = PBXBuildFile; fileRef = A010475B205F0684000B7A21 /* Main.storyboard */; };
		A010475F205F0684000B7A21 /* Assets.xcassets in Resources */ = {isa = PBXBuildFile; fileRef = A010475E205F0684000B7A21 /* Assets.xcassets */; };
		A0104762205F0684000B7A21 /* LaunchScreen.storyboard in Resources */ = {isa = PBXBuildFile; fileRef = A0104760205F0684000B7A21 /* LaunchScreen.storyboard */; };
		A010476D205F0684000B7A21 /* Places2Tests.swift in Sources */ = {isa = PBXBuildFile; fileRef = A010476C205F0684000B7A21 /* Places2Tests.swift */; };
		A02C6F80205F125B003CA833 /* MapViewController.swift in Sources */ = {isa = PBXBuildFile; fileRef = A02C6F7E205F125B003CA833 /* MapViewController.swift */; };
		A02C6F83205F13C3003CA833 /* MapView.swift in Sources */ = {isa = PBXBuildFile; fileRef = A02C6F82205F13C3003CA833 /* MapView.swift */; };
		EBA662A6F413161FA49D41C8 /* Pods_Places2Tests.framework in Frameworks */ = {isa = PBXBuildFile; fileRef = 3BF7EAFD2430E61C58A7C2C4 /* Pods_Places2Tests.framework */; };
/* End PBXBuildFile section */

/* Begin PBXContainerItemProxy section */
		A0104769205F0684000B7A21 /* PBXContainerItemProxy */ = {
			isa = PBXContainerItemProxy;
			containerPortal = A010474C205F0684000B7A21 /* Project object */;
			proxyType = 1;
			remoteGlobalIDString = A0104753205F0684000B7A21;
			remoteInfo = Places2;
		};
/* End PBXContainerItemProxy section */

/* Begin PBXFileReference section */
		0328CE8B30BE78F842537CB3 /* Pods-Places2.release.xcconfig */ = {isa = PBXFileReference; includeInIndex = 1; lastKnownFileType = text.xcconfig; name = "Pods-Places2.release.xcconfig"; path = "Pods/Target Support Files/Pods-Places2/Pods-Places2.release.xcconfig"; sourceTree = "<group>"; };
		3BF7EAFD2430E61C58A7C2C4 /* Pods_Places2Tests.framework */ = {isa = PBXFileReference; explicitFileType = wrapper.framework; includeInIndex = 0; path = Pods_Places2Tests.framework; sourceTree = BUILT_PRODUCTS_DIR; };
		69A07D3146C048F8A256D146 /* Pods-Places2Tests.debug.xcconfig */ = {isa = PBXFileReference; includeInIndex = 1; lastKnownFileType = text.xcconfig; name = "Pods-Places2Tests.debug.xcconfig"; path = "Pods/Target Support Files/Pods-Places2Tests/Pods-Places2Tests.debug.xcconfig"; sourceTree = "<group>"; };
		A0104754205F0684000B7A21 /* Places2.app */ = {isa = PBXFileReference; explicitFileType = wrapper.application; includeInIndex = 0; path = Places2.app; sourceTree = BUILT_PRODUCTS_DIR; };
		A0104757205F0684000B7A21 /* AppDelegate.swift */ = {isa = PBXFileReference; lastKnownFileType = sourcecode.swift; path = AppDelegate.swift; sourceTree = "<group>"; };
		A0104759205F0684000B7A21 /* ViewController.swift */ = {isa = PBXFileReference; lastKnownFileType = sourcecode.swift; path = ViewController.swift; sourceTree = "<group>"; };
		A010475C205F0684000B7A21 /* Base */ = {isa = PBXFileReference; lastKnownFileType = file.storyboard; name = Base; path = Base.lproj/Main.storyboard; sourceTree = "<group>"; };
		A010475E205F0684000B7A21 /* Assets.xcassets */ = {isa = PBXFileReference; lastKnownFileType = folder.assetcatalog; path = Assets.xcassets; sourceTree = "<group>"; };
		A0104761205F0684000B7A21 /* Base */ = {isa = PBXFileReference; lastKnownFileType = file.storyboard; name = Base; path = Base.lproj/LaunchScreen.storyboard; sourceTree = "<group>"; };
		A0104763205F0684000B7A21 /* Info.plist */ = {isa = PBXFileReference; lastKnownFileType = text.plist.xml; path = Info.plist; sourceTree = "<group>"; };
		A0104768205F0684000B7A21 /* Places2Tests.xctest */ = {isa = PBXFileReference; explicitFileType = wrapper.cfbundle; includeInIndex = 0; path = Places2Tests.xctest; sourceTree = BUILT_PRODUCTS_DIR; };
		A010476C205F0684000B7A21 /* Places2Tests.swift */ = {isa = PBXFileReference; lastKnownFileType = sourcecode.swift; path = Places2Tests.swift; sourceTree = "<group>"; };
		A010476E205F0684000B7A21 /* Info.plist */ = {isa = PBXFileReference; lastKnownFileType = text.plist.xml; path = Info.plist; sourceTree = "<group>"; };
		A02C6F7E205F125B003CA833 /* MapViewController.swift */ = {isa = PBXFileReference; lastKnownFileType = sourcecode.swift; path = MapViewController.swift; sourceTree = "<group>"; };
		A02C6F82205F13C3003CA833 /* MapView.swift */ = {isa = PBXFileReference; lastKnownFileType = sourcecode.swift; path = MapView.swift; sourceTree = "<group>"; };
		B83EA0BA7B4D290A28985695 /* Pods-Places2.debug.xcconfig */ = {isa = PBXFileReference; includeInIndex = 1; lastKnownFileType = text.xcconfig; name = "Pods-Places2.debug.xcconfig"; path = "Pods/Target Support Files/Pods-Places2/Pods-Places2.debug.xcconfig"; sourceTree = "<group>"; };
		D32FCD770C6D4E67FD35131C /* Pods-Places2Tests.release.xcconfig */ = {isa = PBXFileReference; includeInIndex = 1; lastKnownFileType = text.xcconfig; name = "Pods-Places2Tests.release.xcconfig"; path = "Pods/Target Support Files/Pods-Places2Tests/Pods-Places2Tests.release.xcconfig"; sourceTree = "<group>"; };
		F2AB9013F7B24465D2E9496D /* Pods_Places2.framework */ = {isa = PBXFileReference; explicitFileType = wrapper.framework; includeInIndex = 0; path = Pods_Places2.framework; sourceTree = BUILT_PRODUCTS_DIR; };
/* End PBXFileReference section */

/* Begin PBXFrameworksBuildPhase section */
		A0104751205F0684000B7A21 /* Frameworks */ = {
			isa = PBXFrameworksBuildPhase;
			buildActionMask = 2147483647;
			files = (
				54A7C9E6C9CE4912F42E806E /* Pods_Places2.framework in Frameworks */,
			);
			runOnlyForDeploymentPostprocessing = 0;
		};
		A0104765205F0684000B7A21 /* Frameworks */ = {
			isa = PBXFrameworksBuildPhase;
			buildActionMask = 2147483647;
			files = (
				EBA662A6F413161FA49D41C8 /* Pods_Places2Tests.framework in Frameworks */,
			);
			runOnlyForDeploymentPostprocessing = 0;
		};
/* End PBXFrameworksBuildPhase section */

/* Begin PBXGroup section */
		0A254F1D6734FF7D7EE1B47F /* Frameworks */ = {
			isa = PBXGroup;
			children = (
				F2AB9013F7B24465D2E9496D /* Pods_Places2.framework */,
				3BF7EAFD2430E61C58A7C2C4 /* Pods_Places2Tests.framework */,
			);
			name = Frameworks;
			sourceTree = "<group>";
		};
		A010474B205F0684000B7A21 = {
			isa = PBXGroup;
			children = (
				A0104756205F0684000B7A21 /* Places2 */,
				A010476B205F0684000B7A21 /* Places2Tests */,
				A0104755205F0684000B7A21 /* Products */,
				E253856239A374BA073F57B5 /* Pods */,
				0A254F1D6734FF7D7EE1B47F /* Frameworks */,
			);
			sourceTree = "<group>";
		};
		A0104755205F0684000B7A21 /* Products */ = {
			isa = PBXGroup;
			children = (
				A0104754205F0684000B7A21 /* Places2.app */,
				A0104768205F0684000B7A21 /* Places2Tests.xctest */,
			);
			name = Products;
			sourceTree = "<group>";
		};
		A0104756205F0684000B7A21 /* Places2 */ = {
			isa = PBXGroup;
			children = (
				A0104757205F0684000B7A21 /* AppDelegate.swift */,
				A0104759205F0684000B7A21 /* ViewController.swift */,
				A02C6F7E205F125B003CA833 /* MapViewController.swift */,
				A02C6F82205F13C3003CA833 /* MapView.swift */,
				A010475B205F0684000B7A21 /* Main.storyboard */,
				A010475E205F0684000B7A21 /* Assets.xcassets */,
				A0104760205F0684000B7A21 /* LaunchScreen.storyboard */,
				A0104763205F0684000B7A21 /* Info.plist */,
			);
			path = Places2;
			sourceTree = "<group>";
		};
		A010476B205F0684000B7A21 /* Places2Tests */ = {
			isa = PBXGroup;
			children = (
				A010476C205F0684000B7A21 /* Places2Tests.swift */,
				A010476E205F0684000B7A21 /* Info.plist */,
			);
			path = Places2Tests;
			sourceTree = "<group>";
		};
		E253856239A374BA073F57B5 /* Pods */ = {
			isa = PBXGroup;
			children = (
				B83EA0BA7B4D290A28985695 /* Pods-Places2.debug.xcconfig */,
				0328CE8B30BE78F842537CB3 /* Pods-Places2.release.xcconfig */,
				69A07D3146C048F8A256D146 /* Pods-Places2Tests.debug.xcconfig */,
				D32FCD770C6D4E67FD35131C /* Pods-Places2Tests.release.xcconfig */,
			);
			name = Pods;
			sourceTree = "<group>";
		};
/* End PBXGroup section */

/* Begin PBXNativeTarget section */
		A0104753205F0684000B7A21 /* Places2 */ = {
			isa = PBXNativeTarget;
			buildConfigurationList = A0104771205F0684000B7A21 /* Build configuration list for PBXNativeTarget "Places2" */;
			buildPhases = (
				C428571874923AC1EAEB6960 /* [CP] Check Pods Manifest.lock */,
				A0104750205F0684000B7A21 /* Sources */,
				A0104751205F0684000B7A21 /* Frameworks */,
				A0104752205F0684000B7A21 /* Resources */,
				9F64D1FA732A267F98ECBC3E /* [CP] Embed Pods Frameworks */,
				452F37B3A79A67270480C45D /* [CP] Copy Pods Resources */,
			);
			buildRules = (
			);
			dependencies = (
			);
			name = Places2;
			productName = Places2;
			productReference = A0104754205F0684000B7A21 /* Places2.app */;
			productType = "com.apple.product-type.application";
		};
		A0104767205F0684000B7A21 /* Places2Tests */ = {
			isa = PBXNativeTarget;
			buildConfigurationList = A0104774205F0684000B7A21 /* Build configuration list for PBXNativeTarget "Places2Tests" */;
			buildPhases = (
				03FAB9E83545D300216C9580 /* [CP] Check Pods Manifest.lock */,
				A0104764205F0684000B7A21 /* Sources */,
				A0104765205F0684000B7A21 /* Frameworks */,
				A0104766205F0684000B7A21 /* Resources */,
				33ABD9DA1048F45050A6A56C /* [CP] Embed Pods Frameworks */,
				10D795AFD8A0C32BE6F3E244 /* [CP] Copy Pods Resources */,
			);
			buildRules = (
			);
			dependencies = (
				A010476A205F0684000B7A21 /* PBXTargetDependency */,
			);
			name = Places2Tests;
			productName = Places2Tests;
			productReference = A0104768205F0684000B7A21 /* Places2Tests.xctest */;
			productType = "com.apple.product-type.bundle.unit-test";
		};
/* End PBXNativeTarget section */

/* Begin PBXProject section */
		A010474C205F0684000B7A21 /* Project object */ = {
			isa = PBXProject;
			attributes = {
				LastSwiftUpdateCheck = 0920;
				LastUpgradeCheck = 0920;
				ORGANIZATIONNAME = jflinter;
				TargetAttributes = {
					A0104753205F0684000B7A21 = {
						CreatedOnToolsVersion = 9.2;
						ProvisioningStyle = Automatic;
					};
					A0104767205F0684000B7A21 = {
						CreatedOnToolsVersion = 9.2;
						ProvisioningStyle = Automatic;
						TestTargetID = A0104753205F0684000B7A21;
					};
				};
			};
			buildConfigurationList = A010474F205F0684000B7A21 /* Build configuration list for PBXProject "Places2" */;
			compatibilityVersion = "Xcode 8.0";
			developmentRegion = en;
			hasScannedForEncodings = 0;
			knownRegions = (
				en,
				Base,
			);
			mainGroup = A010474B205F0684000B7A21;
			productRefGroup = A0104755205F0684000B7A21 /* Products */;
			projectDirPath = "";
			projectRoot = "";
			targets = (
				A0104753205F0684000B7A21 /* Places2 */,
				A0104767205F0684000B7A21 /* Places2Tests */,
			);
		};
/* End PBXProject section */

/* Begin PBXResourcesBuildPhase section */
		A0104752205F0684000B7A21 /* Resources */ = {
			isa = PBXResourcesBuildPhase;
			buildActionMask = 2147483647;
			files = (
				A0104762205F0684000B7A21 /* LaunchScreen.storyboard in Resources */,
				A010475F205F0684000B7A21 /* Assets.xcassets in Resources */,
				A010475D205F0684000B7A21 /* Main.storyboard in Resources */,
			);
			runOnlyForDeploymentPostprocessing = 0;
		};
		A0104766205F0684000B7A21 /* Resources */ = {
			isa = PBXResourcesBuildPhase;
			buildActionMask = 2147483647;
			files = (
			);
			runOnlyForDeploymentPostprocessing = 0;
		};
/* End PBXResourcesBuildPhase section */

/* Begin PBXShellScriptBuildPhase section */
		03FAB9E83545D300216C9580 /* [CP] Check Pods Manifest.lock */ = {
			isa = PBXShellScriptBuildPhase;
			buildActionMask = 2147483647;
			files = (
			);
			inputPaths = (
				"${PODS_PODFILE_DIR_PATH}/Podfile.lock",
				"${PODS_ROOT}/Manifest.lock",
			);
			name = "[CP] Check Pods Manifest.lock";
			outputPaths = (
				"$(DERIVED_FILE_DIR)/Pods-Places2Tests-checkManifestLockResult.txt",
			);
			runOnlyForDeploymentPostprocessing = 0;
			shellPath = /bin/sh;
			shellScript = "diff \"${PODS_PODFILE_DIR_PATH}/Podfile.lock\" \"${PODS_ROOT}/Manifest.lock\" > /dev/null\nif [ $? != 0 ] ; then\n    # print error to STDERR\n    echo \"error: The sandbox is not in sync with the Podfile.lock. Run 'pod install' or update your CocoaPods installation.\" >&2\n    exit 1\nfi\n# This output is used by Xcode 'outputs' to avoid re-running this script phase.\necho \"SUCCESS\" > \"${SCRIPT_OUTPUT_FILE_0}\"\n";
			showEnvVarsInLog = 0;
		};
		10D795AFD8A0C32BE6F3E244 /* [CP] Copy Pods Resources */ = {
			isa = PBXShellScriptBuildPhase;
			buildActionMask = 2147483647;
			files = (
			);
			inputPaths = (
			);
			name = "[CP] Copy Pods Resources";
			outputPaths = (
			);
			runOnlyForDeploymentPostprocessing = 0;
			shellPath = /bin/sh;
			shellScript = "\"${SRCROOT}/Pods/Target Support Files/Pods-Places2Tests/Pods-Places2Tests-resources.sh\"\n";
			showEnvVarsInLog = 0;
		};
		33ABD9DA1048F45050A6A56C /* [CP] Embed Pods Frameworks */ = {
			isa = PBXShellScriptBuildPhase;
			buildActionMask = 2147483647;
			files = (
			);
			inputPaths = (
			);
			name = "[CP] Embed Pods Frameworks";
			outputPaths = (
			);
			runOnlyForDeploymentPostprocessing = 0;
			shellPath = /bin/sh;
			shellScript = "\"${SRCROOT}/Pods/Target Support Files/Pods-Places2Tests/Pods-Places2Tests-frameworks.sh\"\n";
			showEnvVarsInLog = 0;
		};
		452F37B3A79A67270480C45D /* [CP] Copy Pods Resources */ = {
			isa = PBXShellScriptBuildPhase;
			buildActionMask = 2147483647;
			files = (
			);
			inputPaths = (
			);
			name = "[CP] Copy Pods Resources";
			outputPaths = (
			);
			runOnlyForDeploymentPostprocessing = 0;
			shellPath = /bin/sh;
			shellScript = "\"${SRCROOT}/Pods/Target Support Files/Pods-Places2/Pods-Places2-resources.sh\"\n";
			showEnvVarsInLog = 0;
		};
		9F64D1FA732A267F98ECBC3E /* [CP] Embed Pods Frameworks */ = {
			isa = PBXShellScriptBuildPhase;
			buildActionMask = 2147483647;
			files = (
			);
			inputPaths = (
				"${SRCROOT}/Pods/Target Support Files/Pods-Places2/Pods-Places2-frameworks.sh",
				"${BUILT_PRODUCTS_DIR}/Dwifft/Dwifft.framework",
				"${PODS_ROOT}/Mapbox-iOS-SDK/dynamic/Mapbox.framework",
				"${PODS_ROOT}/Mapbox-iOS-SDK/dynamic/Mapbox.framework.dSYM",
				"${BUILT_PRODUCTS_DIR}/Pulley/Pulley.framework",
				"${BUILT_PRODUCTS_DIR}/ReSwift/ReSwift.framework",
				"${PODS_ROOT}/Reveal-SDK/RevealServer-13/iOS/RevealServer.framework",
			);
			name = "[CP] Embed Pods Frameworks";
			outputPaths = (
				"${TARGET_BUILD_DIR}/${FRAMEWORKS_FOLDER_PATH}/Dwifft.framework",
				"${TARGET_BUILD_DIR}/${FRAMEWORKS_FOLDER_PATH}/Mapbox.framework",
				"${DWARF_DSYM_FOLDER_PATH}/Mapbox.framework.dSYM",
				"${TARGET_BUILD_DIR}/${FRAMEWORKS_FOLDER_PATH}/Pulley.framework",
				"${TARGET_BUILD_DIR}/${FRAMEWORKS_FOLDER_PATH}/ReSwift.framework",
				"${TARGET_BUILD_DIR}/${FRAMEWORKS_FOLDER_PATH}/RevealServer.framework",
			);
			runOnlyForDeploymentPostprocessing = 0;
			shellPath = /bin/sh;
			shellScript = "\"${SRCROOT}/Pods/Target Support Files/Pods-Places2/Pods-Places2-frameworks.sh\"\n";
			showEnvVarsInLog = 0;
		};
		C428571874923AC1EAEB6960 /* [CP] Check Pods Manifest.lock */ = {
			isa = PBXShellScriptBuildPhase;
			buildActionMask = 2147483647;
			files = (
			);
			inputPaths = (
				"${PODS_PODFILE_DIR_PATH}/Podfile.lock",
				"${PODS_ROOT}/Manifest.lock",
			);
			name = "[CP] Check Pods Manifest.lock";
			outputPaths = (
				"$(DERIVED_FILE_DIR)/Pods-Places2-checkManifestLockResult.txt",
			);
			runOnlyForDeploymentPostprocessing = 0;
			shellPath = /bin/sh;
			shellScript = "diff \"${PODS_PODFILE_DIR_PATH}/Podfile.lock\" \"${PODS_ROOT}/Manifest.lock\" > /dev/null\nif [ $? != 0 ] ; then\n    # print error to STDERR\n    echo \"error: The sandbox is not in sync with the Podfile.lock. Run 'pod install' or update your CocoaPods installation.\" >&2\n    exit 1\nfi\n# This output is used by Xcode 'outputs' to avoid re-running this script phase.\necho \"SUCCESS\" > \"${SCRIPT_OUTPUT_FILE_0}\"\n";
			showEnvVarsInLog = 0;
		};
/* End PBXShellScriptBuildPhase section */

/* Begin PBXSourcesBuildPhase section */
		A0104750205F0684000B7A21 /* Sources */ = {
			isa = PBXSourcesBuildPhase;
			buildActionMask = 2147483647;
			files = (
				A010475A205F0684000B7A21 /* ViewController.swift in Sources */,
				A02C6F83205F13C3003CA833 /* MapView.swift in Sources */,
				A02C6F80205F125B003CA833 /* MapViewController.swift in Sources */,
				A0104758205F0684000B7A21 /* AppDelegate.swift in Sources */,
			);
			runOnlyForDeploymentPostprocessing = 0;
		};
		A0104764205F0684000B7A21 /* Sources */ = {
			isa = PBXSourcesBuildPhase;
			buildActionMask = 2147483647;
			files = (
				A010476D205F0684000B7A21 /* Places2Tests.swift in Sources */,
			);
			runOnlyForDeploymentPostprocessing = 0;
		};
/* End PBXSourcesBuildPhase section */

/* Begin PBXTargetDependency section */
		A010476A205F0684000B7A21 /* PBXTargetDependency */ = {
			isa = PBXTargetDependency;
			target = A0104753205F0684000B7A21 /* Places2 */;
			targetProxy = A0104769205F0684000B7A21 /* PBXContainerItemProxy */;
		};
/* End PBXTargetDependency section */

/* Begin PBXVariantGroup section */
		A010475B205F0684000B7A21 /* Main.storyboard */ = {
			isa = PBXVariantGroup;
			children = (
				A010475C205F0684000B7A21 /* Base */,
			);
			name = Main.storyboard;
			sourceTree = "<group>";
		};
		A0104760205F0684000B7A21 /* LaunchScreen.storyboard */ = {
			isa = PBXVariantGroup;
			children = (
				A0104761205F0684000B7A21 /* Base */,
			);
			name = LaunchScreen.storyboard;
			sourceTree = "<group>";
		};
/* End PBXVariantGroup section */

/* Begin XCBuildConfiguration section */
		A010476F205F0684000B7A21 /* Debug */ = {
			isa = XCBuildConfiguration;
			buildSettings = {
				ALWAYS_SEARCH_USER_PATHS = NO;
				CLANG_ANALYZER_NONNULL = YES;
				CLANG_ANALYZER_NUMBER_OBJECT_CONVERSION = YES_AGGRESSIVE;
				CLANG_CXX_LANGUAGE_STANDARD = "gnu++14";
				CLANG_CXX_LIBRARY = "libc++";
				CLANG_ENABLE_MODULES = YES;
				CLANG_ENABLE_OBJC_ARC = YES;
				CLANG_WARN_BLOCK_CAPTURE_AUTORELEASING = YES;
				CLANG_WARN_BOOL_CONVERSION = YES;
				CLANG_WARN_COMMA = YES;
				CLANG_WARN_CONSTANT_CONVERSION = YES;
				CLANG_WARN_DIRECT_OBJC_ISA_USAGE = YES_ERROR;
				CLANG_WARN_DOCUMENTATION_COMMENTS = YES;
				CLANG_WARN_EMPTY_BODY = YES;
				CLANG_WARN_ENUM_CONVERSION = YES;
				CLANG_WARN_INFINITE_RECURSION = YES;
				CLANG_WARN_INT_CONVERSION = YES;
				CLANG_WARN_NON_LITERAL_NULL_CONVERSION = YES;
				CLANG_WARN_OBJC_LITERAL_CONVERSION = YES;
				CLANG_WARN_OBJC_ROOT_CLASS = YES_ERROR;
				CLANG_WARN_RANGE_LOOP_ANALYSIS = YES;
				CLANG_WARN_STRICT_PROTOTYPES = YES;
				CLANG_WARN_SUSPICIOUS_MOVE = YES;
				CLANG_WARN_UNGUARDED_AVAILABILITY = YES_AGGRESSIVE;
				CLANG_WARN_UNREACHABLE_CODE = YES;
				CLANG_WARN__DUPLICATE_METHOD_MATCH = YES;
				CODE_SIGN_IDENTITY = "iPhone Developer";
				COPY_PHASE_STRIP = NO;
				DEBUG_INFORMATION_FORMAT = dwarf;
				ENABLE_STRICT_OBJC_MSGSEND = YES;
				ENABLE_TESTABILITY = YES;
				GCC_C_LANGUAGE_STANDARD = gnu11;
				GCC_DYNAMIC_NO_PIC = NO;
				GCC_NO_COMMON_BLOCKS = YES;
				GCC_OPTIMIZATION_LEVEL = 0;
				GCC_PREPROCESSOR_DEFINITIONS = (
					"DEBUG=1",
					"$(inherited)",
				);
				GCC_WARN_64_TO_32_BIT_CONVERSION = YES;
				GCC_WARN_ABOUT_RETURN_TYPE = YES_ERROR;
				GCC_WARN_UNDECLARED_SELECTOR = YES;
				GCC_WARN_UNINITIALIZED_AUTOS = YES_AGGRESSIVE;
				GCC_WARN_UNUSED_FUNCTION = YES;
				GCC_WARN_UNUSED_VARIABLE = YES;
				IPHONEOS_DEPLOYMENT_TARGET = 11.2;
				MTL_ENABLE_DEBUG_INFO = YES;
				ONLY_ACTIVE_ARCH = YES;
				SDKROOT = iphoneos;
				SWIFT_ACTIVE_COMPILATION_CONDITIONS = DEBUG;
				SWIFT_OPTIMIZATION_LEVEL = "-Onone";
			};
			name = Debug;
		};
		A0104770205F0684000B7A21 /* Release */ = {
			isa = XCBuildConfiguration;
			buildSettings = {
				ALWAYS_SEARCH_USER_PATHS = NO;
				CLANG_ANALYZER_NONNULL = YES;
				CLANG_ANALYZER_NUMBER_OBJECT_CONVERSION = YES_AGGRESSIVE;
				CLANG_CXX_LANGUAGE_STANDARD = "gnu++14";
				CLANG_CXX_LIBRARY = "libc++";
				CLANG_ENABLE_MODULES = YES;
				CLANG_ENABLE_OBJC_ARC = YES;
				CLANG_WARN_BLOCK_CAPTURE_AUTORELEASING = YES;
				CLANG_WARN_BOOL_CONVERSION = YES;
				CLANG_WARN_COMMA = YES;
				CLANG_WARN_CONSTANT_CONVERSION = YES;
				CLANG_WARN_DIRECT_OBJC_ISA_USAGE = YES_ERROR;
				CLANG_WARN_DOCUMENTATION_COMMENTS = YES;
				CLANG_WARN_EMPTY_BODY = YES;
				CLANG_WARN_ENUM_CONVERSION = YES;
				CLANG_WARN_INFINITE_RECURSION = YES;
				CLANG_WARN_INT_CONVERSION = YES;
				CLANG_WARN_NON_LITERAL_NULL_CONVERSION = YES;
				CLANG_WARN_OBJC_LITERAL_CONVERSION = YES;
				CLANG_WARN_OBJC_ROOT_CLASS = YES_ERROR;
				CLANG_WARN_RANGE_LOOP_ANALYSIS = YES;
				CLANG_WARN_STRICT_PROTOTYPES = YES;
				CLANG_WARN_SUSPICIOUS_MOVE = YES;
				CLANG_WARN_UNGUARDED_AVAILABILITY = YES_AGGRESSIVE;
				CLANG_WARN_UNREACHABLE_CODE = YES;
				CLANG_WARN__DUPLICATE_METHOD_MATCH = YES;
				CODE_SIGN_IDENTITY = "iPhone Developer";
				COPY_PHASE_STRIP = NO;
				DEBUG_INFORMATION_FORMAT = "dwarf-with-dsym";
				ENABLE_NS_ASSERTIONS = NO;
				ENABLE_STRICT_OBJC_MSGSEND = YES;
				GCC_C_LANGUAGE_STANDARD = gnu11;
				GCC_NO_COMMON_BLOCKS = YES;
				GCC_WARN_64_TO_32_BIT_CONVERSION = YES;
				GCC_WARN_ABOUT_RETURN_TYPE = YES_ERROR;
				GCC_WARN_UNDECLARED_SELECTOR = YES;
				GCC_WARN_UNINITIALIZED_AUTOS = YES_AGGRESSIVE;
				GCC_WARN_UNUSED_FUNCTION = YES;
				GCC_WARN_UNUSED_VARIABLE = YES;
				IPHONEOS_DEPLOYMENT_TARGET = 11.2;
				MTL_ENABLE_DEBUG_INFO = NO;
				SDKROOT = iphoneos;
				SWIFT_OPTIMIZATION_LEVEL = "-Owholemodule";
				VALIDATE_PRODUCT = YES;
			};
			name = Release;
		};
		A0104772205F0684000B7A21 /* Debug */ = {
			isa = XCBuildConfiguration;
			baseConfigurationReference = B83EA0BA7B4D290A28985695 /* Pods-Places2.debug.xcconfig */;
			buildSettings = {
				ASSETCATALOG_COMPILER_APPICON_NAME = AppIcon;
				CODE_SIGN_STYLE = Automatic;
				DEVELOPMENT_TEAM = 4QS5C2WVW4;
				INFOPLIST_FILE = Places2/Info.plist;
				LD_RUNPATH_SEARCH_PATHS = "$(inherited) @executable_path/Frameworks";
				PRODUCT_BUNDLE_IDENTIFIER = com.jflinter.Places2;
				PRODUCT_NAME = "$(TARGET_NAME)";
				TARGETED_DEVICE_FAMILY = "1,2";
			};
			name = Debug;
		};
		A0104773205F0684000B7A21 /* Release */ = {
			isa = XCBuildConfiguration;
			baseConfigurationReference = 0328CE8B30BE78F842537CB3 /* Pods-Places2.release.xcconfig */;
			buildSettings = {
				ASSETCATALOG_COMPILER_APPICON_NAME = AppIcon;
				CODE_SIGN_STYLE = Automatic;
				DEVELOPMENT_TEAM = 4QS5C2WVW4;
				INFOPLIST_FILE = Places2/Info.plist;
				LD_RUNPATH_SEARCH_PATHS = "$(inherited) @executable_path/Frameworks";
				PRODUCT_BUNDLE_IDENTIFIER = com.jflinter.Places2;
				PRODUCT_NAME = "$(TARGET_NAME)";
				TARGETED_DEVICE_FAMILY = "1,2";
			};
			name = Release;
		};
		A0104775205F0684000B7A21 /* Debug */ = {
			isa = XCBuildConfiguration;
			baseConfigurationReference = 69A07D3146C048F8A256D146 /* Pods-Places2Tests.debug.xcconfig */;
			buildSettings = {
				ALWAYS_EMBED_SWIFT_STANDARD_LIBRARIES = YES;
				BUNDLE_LOADER = "$(TEST_HOST)";
				CODE_SIGN_STYLE = Automatic;
				INFOPLIST_FILE = Places2Tests/Info.plist;
				LD_RUNPATH_SEARCH_PATHS = "$(inherited) @executable_path/Frameworks @loader_path/Frameworks";
				PRODUCT_BUNDLE_IDENTIFIER = com.jflinter.Places2Tests;
				PRODUCT_NAME = "$(TARGET_NAME)";
				SWIFT_VERSION = 4.0;
				TARGETED_DEVICE_FAMILY = "1,2";
				TEST_HOST = "$(BUILT_PRODUCTS_DIR)/Places2.app/Places2";
			};
			name = Debug;
		};
		A0104776205F0684000B7A21 /* Release */ = {
			isa = XCBuildConfiguration;
			baseConfigurationReference = D32FCD770C6D4E67FD35131C /* Pods-Places2Tests.release.xcconfig */;
			buildSettings = {
				ALWAYS_EMBED_SWIFT_STANDARD_LIBRARIES = YES;
				BUNDLE_LOADER = "$(TEST_HOST)";
				CODE_SIGN_STYLE = Automatic;
				INFOPLIST_FILE = Places2Tests/Info.plist;
				LD_RUNPATH_SEARCH_PATHS = "$(inherited) @executable_path/Frameworks @loader_path/Frameworks";
				PRODUCT_BUNDLE_IDENTIFIER = com.jflinter.Places2Tests;
				PRODUCT_NAME = "$(TARGET_NAME)";
				SWIFT_VERSION = 4.0;
				TARGETED_DEVICE_FAMILY = "1,2";
				TEST_HOST = "$(BUILT_PRODUCTS_DIR)/Places2.app/Places2";
			};
			name = Release;
		};
/* End XCBuildConfiguration section */

/* Begin XCConfigurationList section */
		A010474F205F0684000B7A21 /* Build configuration list for PBXProject "Places2" */ = {
			isa = XCConfigurationList;
			buildConfigurations = (
				A010476F205F0684000B7A21 /* Debug */,
				A0104770205F0684000B7A21 /* Release */,
			);
			defaultConfigurationIsVisible = 0;
			defaultConfigurationName = Release;
		};
		A0104771205F0684000B7A21 /* Build configuration list for PBXNativeTarget "Places2" */ = {
			isa = XCConfigurationList;
			buildConfigurations = (
				A0104772205F0684000B7A21 /* Debug */,
				A0104773205F0684000B7A21 /* Release */,
			);
			defaultConfigurationIsVisible = 0;
			defaultConfigurationName = Release;
		};
		A0104774205F0684000B7A21 /* Build configuration list for PBXNativeTarget "Places2Tests" */ = {
			isa = XCConfigurationList;
			buildConfigurations = (
				A0104775205F0684000B7A21 /* Debug */,
				A0104776205F0684000B7A21 /* Release */,
			);
			defaultConfigurationIsVisible = 0;
			defaultConfigurationName = Release;
		};
/* End XCConfigurationList section */
	};
	rootObject = A010474C205F0684000B7A21 /* Project object */;
}
