PODS:
  - Dwifft (0.8)
  - Mapbox-iOS-SDK (3.7.6)
  - Pulley (2.3.0)
  - ReSwift (4.0.1)
  - Reveal-SDK (13)

DEPENDENCIES:
  - Dwifft
  - Mapbox-iOS-SDK
  - Pulley
  - ReSwift
  - Reveal-SDK

SPEC CHECKSUMS:
  Dwifft: 463e61d07322fdf83b32ee6975ca1b20708db746
  Mapbox-iOS-SDK: 23ececda1d90c3b436b45e2c88e9677f025303c0
  Pulley: 98de6094769f3371d43f97dd976e35fe63d9edc9
  ReSwift: f4012c613e13da7398827fe5aebdb938eaed40a3
  Reveal-SDK: ccc2b0f8014965ea448b7534a7c2c8da232b75e8

PODFILE CHECKSUM: 1f9b4644b0b5e855e5f1c6a4f04a375bf2c53c9c

COCOAPODS: 1.4.0
